
Microsoft Visual Studio Solution File, Format Version 12.00
# Visual Studio Version 16
VisualStudioVersion = 16.0.31624.102
MinimumVisualStudioVersion = 10.0.40219.1
Project("{FAE04EC0-301F-11D3-BF4B-00C04F79EFBC}") = "Education.API", "Education.API\Education.API.csproj", "{5881F081-AA6F-4516-8D5F-ADE53EF723AF}"
EndProject
Global
	GlobalSection(SolutionConfigurationPlatforms) = preSolution
		Debug|Any CPU = Debug|Any CPU
		Release|Any CPU = Release|Any CPU
	EndGlobalSection
	GlobalSection(ProjectConfigurationPlatforms) = postSolution
		{5881F081-AA6F-4516-8D5F-ADE53EF723AF}.Debug|Any CPU.ActiveCfg = Debug|Any CPU
		{5881F081-AA6F-4516-8D5F-ADE53EF723AF}.Debug|Any CPU.Build.0 = Debug|Any CPU
		{5881F081-AA6F-4516-8D5F-ADE53EF723AF}.Release|Any CPU.ActiveCfg = Release|Any CPU
		{5881F081-AA6F-4516-8D5F-ADE53EF723AF}.Release|Any CPU.Build.0 = Release|Any CPU
	EndGlobalSection
	GlobalSection(SolutionProperties) = preSolution
		HideSolutionNode = FALSE
	EndGlobalSection
	GlobalSection(ExtensibilityGlobals) = postSolution
		SolutionGuid = {EB9AF834-9A07-436B-8500-B4B77B83546F}
	EndGlobalSection
EndGlobal
